{
    "_meta": {
        "hash": {
            "sha256": "b12348bb8805f20a0c6589f49eabeb96811fae2781b2d06459c839a655bb0210"
        },
        "pipfile-spec": 6,
        "requires": {
            "python_full_version": "3.11.0",
            "python_version": "3.11"
        },
        "sources": [
            {
                "name": "pypi",
                "url": "https://pypi.org/simple",
                "verify_ssl": true
            }
        ]
    },
    "default": {
        "glcontext": {
            "hashes": [
                "sha256:03b3925472771607d13feb9a0de93b04408ae86c91eee3f5e09e43744f90b1af",
                "sha256:03b505fc8ce2dfcf800feac0e20cbb7b1899a5ef7407fa0cccb3267a5b2abbdb",
                "sha256:058bf839884b5d5d8488978ed804023be64fc9bafb674a0ede1ba26c05bd9146",
                "sha256:088482e07aed6229a34fbb1d0c5fbe0ad9c413dbddb5eaaa8e5c83d933cbe8d6",
                "sha256:0961811d85ac551b1ce1f197296a8e5f497b35a149cfc6e128f74dfaef5e592f",
                "sha256:155154084bdedfc8904524d8bd212e5896cc5d5caf1d45c19d13dc34aee4b5ab",
                "sha256:1716d21d423a1a2261cd717bc66714eeb5464d6a061b92678f356ca69cfd1255",
                "sha256:1f1656e931c937f8bdce12c551fa0077db814b123e7f16b6db26e1e7c89dae16",
                "sha256:2fae2d4bcb0564e0eb8e72c97e149faebfad369aeaef74ed7fd17f5f84a07428",
                "sha256:376e12d230fd198a329dfe253b41480b0a015a2dabbac5eecf6b279fe3afb1b3",
                "sha256:3dc6a6133bffc33cb75bbc79dc08bd1e206017ac69ec68f703227aaf5f5129bb",
                "sha256:3ff822473d498d606424f92a341d01121562af35bf1d3d0e2ccd1f9c2f86859b",
                "sha256:440ff5f59f318ce495c6bdddfa01a23dd64713fb960ceb87c3a9423745781d47",
                "sha256:44f7dbf800e6f933a5c56e07b18ef70f44949f34bf57f5d5318e2199c12cbfbc",
                "sha256:46ef33b616027a616dcceba33bc48e589ba24fa84ee43c5b8611c5b57d2dace3",
                "sha256:4d18b3e9e9259595dd5c538c1fd9238f8b26c22d6351397e721ef8a89ad55f12",
                "sha256:51e04b162529f99c7b764129e07aaa3ec8edfc63ca7a212b71e348319f8b821b",
                "sha256:59580776fd7e520995b82a6134c8ca7152a7881e174077fc785f4cc69c476d69",
                "sha256:5a4cc4fef74dcab0b428ef750fad3c05311657ffb4f1dd3d4afa75e664551588",
                "sha256:65bf63b2068e13183e34a4beaf921f20cd144a25cebed0fa9a46f25e8b47577d",
                "sha256:6df4cf354adb911a9ca58bc5c60fb1ae27544527878bc3ddf8f7ea56946c6fcc",
                "sha256:755698083c6119e771ea3f5837143324636700e1e5b397885c05085a837d5876",
                "sha256:79e561b67e606b6e13ba58e6ae3e688e3429dbb5d60e551ba40d649432044f37",
                "sha256:7dc827f119ccc3ea55b7bec73573516117c55319edc93bc2bbcf389bf1e7acfe",
                "sha256:82eff3e5664c5a17fc0cbb1dae2c32088cdd3c3bfbfe4b9c71012275c2a63e8e",
                "sha256:84dc3b831af386cb20cae8fb10ac78d8007bb29118730db2e9f21c329a528028",
                "sha256:867fe03c1c241d2416b719e23d1671537e34e03bab741dcc50d49298c1397073",
                "sha256:87c90b525296c4930b1f74bf460b97af052c3cc9ba47d811f416ed82e1b16b03",
                "sha256:891b56a3bbaf3470595c218e847e79448e95cecb412224c8585da640c61cf29a",
                "sha256:89869925f4e1762878561fa1e3cbd1ee5ce73e5597275b5fc8bc054dd894fca4",
                "sha256:8aa90a648f17bacacef95b09a5fab368e8feff3714fc4b81eb9374bd439850e6",
                "sha256:8ece87d8616bf12e55a08a05159f4303c8b82d348c2c43c7297c85d8e95dfa3e",
                "sha256:94e47dd8cf39cabe20b41dd0c4c6589f0c7a4de2a5bad8e51ab0fc0b4a26ae6b",
                "sha256:a22a3fbb3abefd7a9f5a672af8fccb8d8d996b2eae2075ac9d8ca10f4a6f6653",
                "sha256:a349317c9d634aa56e30aae9ad408bc1b9de281af0e4f87de682b454ebaf540e",
                "sha256:ab8147607af85fc2ec2e02b4364ff36b636f63781295e74220dc5c5856794e07",
                "sha256:ae930d226f9145ec580f3fe10fc23262b8c21a6a0cd6fbc081a6606e9000ce74",
                "sha256:b5dcd68b23b1a549a3b0851d3621630e492ff9015a18f29f2512088b4e03e4d9",
                "sha256:b85c873315741dbc208c199cbe449aa77d1831551dd78d9b3d67e0a6f9eb576d",
                "sha256:bb2d0503f45ad85ca7319bd37fd983e374b3f824c38a450b5f72cfc974114156",
                "sha256:bc906a19be96d2820dee8e681ca1d3129821eb6e5c4f1544db723edf0c0696bd",
                "sha256:cc73099fa7525a20e2021a2f2befa61e9ef306364838c1859ba79f5bd8eda33a",
                "sha256:d986976c9b758d60d966fbaf8bdff129d125e8b2c58889d2220ca96991f1071e",
                "sha256:e48550269c3baff04cc46ca79bd9d2d5a62216665751b10aa86d95ebe182d319",
                "sha256:ef0c7e534e53f14b7b09dc3fe1e207243c9bb3eb2543d9876ed253156ca7a8bf",
                "sha256:f1444229f84a7aea48ce3f1143147acee92eee264826db4c41ea38c6b0a924a9",
                "sha256:f17be52c99e3eaeefaaac780bde40bfa99be3ad32bbfed346bb347c9d0b01967",
                "sha256:f234ebcc3355155811389c320974056ce20233770205fc7cb41d8653d6137efa",
                "sha256:fa4595600a699ed13e854b87116a1519a25e47a10100df01650c1be3532bd629",
                "sha256:fd03d6d8dbfdd9bab97ada98759e345b29d50f690cec95dd01d22d02f616bfea"
            ],
            "version": "==2.3.7"
        },
        "moderngl": {
            "hashes": [
                "sha256:0b923f6644989cde6675394f63027914546fc33a380148cec449176980c25e47",
                "sha256:20f821bf66b2811bc8648d7cf7f64402afff7619fea271f42a6ee85fe03e4041",
                "sha256:2f8ec6ddb6141751f35734e8ce2222868da3fca57fbcb83ce4f28c93a5fcb91c",
                "sha256:35f5e916d3d33753ec7a0611b5cf5addbe88a8a1aa3d292f2693808381bb19c5",
                "sha256:38c5409df54f6601b4df94f61609ef7519bb570061333ba2f7d58bddef0963df",
                "sha256:395f96f81ea9b3c8fcd9cf1e5aedd9fe81ef0a2475922fe8f1657fbfdbd03397",
                "sha256:396b2bc0a09d409b40e7c559bb1092ee327f5394b125e2ebfa9fc2951e27550d",
                "sha256:3a6d180fab423cbbaac1ee37e4d76821bf3a13e79776597c85199876f3053635",
                "sha256:4441cc13384c41b7434eb1eab42f1c305f6c9b3dd8665e98ad8dc1870ff83d38",
                "sha256:44a69c62e468fd71c84384041242194f81a88fdfe08799a5f01393729c9928bd",
                "sha256:4660a33a093d44237d40adf884a4b678dc7c1237a6d634a2ffa4652cd476aa19",
                "sha256:48c3677f0303a2c5887dccd4ff3c06cc60bc54f05646bb4575f87dd69f65f83b",
                "sha256:49546570a7eb4594cc1a4109fdef47a035ffb0b11cc3d38aafe92ab81dc6d50f",
                "sha256:512d9287a9e80bdc706c6f54b190820d8f3887619a574d5f996eb27ff2385777",
                "sha256:631876e886aebf293a9afdf54160d46f1dc2646631750837ef04518044c4de5f",
                "sha256:664a0089abc845bba2198fcadbe6d78adf65e4e5f8e117147f0d36353e9a2090",
                "sha256:6cb8c76c77c47cf05c29bd1940d95a641ad1b6052b5b0d29ffca816295ca364e",
                "sha256:70477f355e45a8c2cce4f97818191ab28313e4203b15554214a417853ee8cfcb",
                "sha256:7d28d49892923c2cc8eb145266af95ed99a0c4f3fc686228af941d1e0cdbd9bb",
                "sha256:824f6dc34316530a617fea9e6a46d008cfe82a01e9d34ae308ad51ef127720a7",
                "sha256:82cd399b152f3a775c1f93ef3192980a9d3d2d1c51a9df07a329ce4e4fc82430",
                "sha256:875fe5701061a7bbe833cbd42cd779c68748ed277b2ab1ec06be61972e3e846f",
                "sha256:8c226cb05022372b4e6b841b47d7c67d9da026d93dd38801351ce679e70beacf",
                "sha256:8eea6a083e8737bbe666e83c460a2628556f7df489987405fe33b27db3df386c",
                "sha256:8ffbad06fb39116406a8988d19fd073bbbf973513a376b3c6b181ae67408237b",
                "sha256:918f11262c4724e2515c4afc76ad57c6148d486fd6e7c3b1c04470f43f57f97b",
                "sha256:9630a42cefafaeb19a816e23de2869d855af39b880c38d9efc16b50e354297c4",
                "sha256:9c3e825088a0acfb0080f3ccc0332584f99868ed39bf986e44f03581f6d33128",
                "sha256:9dc27da2e9225fc9df21fa0522cd77e781ee0a2d7b75a03449c963516fb9b96c",
                "sha256:a20a575d9a5cab62554fbcb7b53e5459a13f380ee2e5c4888e9b537ef575f1ca",
                "sha256:a2e50913ab8e53b3c8da792f4b75ff7afcd117e596346110ec085de535d03ef1",
                "sha256:a7963e49cadb621b7ffbd5effe43ce6472afb535dd5c074924b95fdce54d289e",
                "sha256:bc921e7b716a0260eeb352d3c6fd1c0fa5edb434de89e0325fc58611d3929f9e",
                "sha256:bdab10cbe2b87394440a3678c1445fe7fe687e82fd6b3ae7ddd76ec68766115a",
                "sha256:bfd84ac24d141b490293487e63eacebc0f198d12049adfe44d08168fc89f979a",
                "sha256:c1d6c79fad12df622fa0dc8b832a2c624368cd949a0326f65ebc234891726068",
                "sha256:c3cde28a2091222f51a743561cebc8d80314042a7db9a8e723e8fa5f1ad6618d",
                "sha256:c6fdea10f5176b8018d2e5a05ed9fa5010b8ab24fcbabe64c05a943d50b9ba7d",
                "sha256:ca77be80c96c0585d7dd0f0b65815883fb5416f22de60875bec0f87f8c1c2b6b",
                "sha256:d1719892e83bda0b433b254f1be22a41745ee6b5a4fd3a6ee5aa799756383d4f",
                "sha256:d549c518624975652ad511659d2b27827d2aa9ccbf09b17b4b53afe4226b68c7",
                "sha256:dce7cb87d7faced6f78e06c7e2fa607a79a50cb8ff0aed3dc9bca77b814ee042",
                "sha256:dd010370e30bc52e65baee5061eb2ec6965adc2b08e81c232ccf7ec76553af5e",
                "sha256:dd2446134c7bd71c8d47606545ca7820cb411723edf77d2b09301651a2356e91",
                "sha256:eb49672482406f539968b10f30d982578242a850dd7f071dc57b34fa88aebe3d",
                "sha256:eb6ad78ecfc06c0aab0be9706b71be5ee0ad443efbc4f6578a315da88dc3d4ef",
                "sha256:f502d3ac58a776a57f1f524efbd05b6b95a601e087082dc8cd5cd71cb315c577",
                "sha256:f7579e66c345342f9b3fdf33e23107b874499979577b14014249856e73071c06",
                "sha256:fcc0e5b557a67137a5c6944faf4dde096cf5afab296d11e86bbf20ead043eddf",
                "sha256:fe9a40751133744018dcb19289a1f798908b1eff1a8455803dfe1bc4028f0f34"
            ],
            "index": "pypi",
            "version": "==5.7.4"
        }
    },
    "develop": {}
}
